{
    "_meta": {
        "hash": {
            "sha256": "5a92ae53da048e6a16d6a35f0fc5c294297c518fbba471eb5b6ca25b6e25620e"
        },
        "pipfile-spec": 6,
        "requires": {
            "python_version": "2.7"
        },
        "sources": [
            {
                "name": "pypi",
                "url": "https://pypi.org/simple",
                "verify_ssl": true
            }
        ]
    },
    "default": {
        "parlance": {
            "editable": true,
            "path": "./../parlance-code"
        }
    },
    "develop": {}
}
